PODS:
  - desktop_drop (0.0.1):
    - FlutterMacOS
  - file_picker (0.0.1):
    - FlutterMacOS
  - flutter_media_metadata (0.0.1):
    - FlutterMacOS
  - FlutterMacOS (1.0.0)
  - video_player_avfoundation (0.0.1):
    - Flutter
    - FlutterMacOS

DEPENDENCIES:
  - desktop_drop (from `Flutter/ephemeral/.symlinks/plugins/desktop_drop/macos`)
  - file_picker (from `Flutter/ephemeral/.symlinks/plugins/file_picker/macos`)
  - flutter_media_metadata (from `Flutter/ephemeral/.symlinks/plugins/flutter_media_metadata/macos`)
  - FlutterMacOS (from `Flutter/ephemeral`)
  - video_player_avfoundation (from `Flutter/ephemeral/.symlinks/plugins/video_player_avfoundation/darwin`)

EXTERNAL SOURCES:
  desktop_drop:
    :path: Flutter/ephemeral/.symlinks/plugins/desktop_drop/macos
  file_picker:
    :path: Flutter/ephemeral/.symlinks/plugins/file_picker/macos
  flutter_media_metadata:
    :path: Flutter/ephemeral/.symlinks/plugins/flutter_media_metadata/macos
  FlutterMacOS:
    :path: Flutter/ephemeral
  video_player_avfoundation:
    :path: Flutter/ephemeral/.symlinks/plugins/video_player_avfoundation/darwin

SPEC CHECKSUMS:
  desktop_drop: 10a3e6a7fa9dbe350541f2574092fecfa345a07b
  file_picker: 7584aae6fa07a041af2b36a2655122d42f578c1a
  flutter_media_metadata: cd8641d1242ce33b60b3deae0c533ee0acc47535
  FlutterMacOS: 8f6f14fa908a6fb3fba0cd85dbd81ec4b251fb24
  video_player_avfoundation: 2cef49524dd1f16c5300b9cd6efd9611ce03639b

PODFILE CHECKSUM: 9ff5d87f23ea01c0610b44e6d7fb90382f652069

COCOAPODS: 1.16.2
